
Microsoft Visual Studio Solution File, Format Version 12.00
# Visual Studio Version 16
VisualStudioVersion = 16.0.31702.278
MinimumVisualStudioVersion = 10.0.40219.1
Project("{8BC9CEB8-8B4A-11D0-8D11-00A0C91BC942}") = "lab6", "lab6\lab6.vcxproj", "{19DB2297-72DE-4FF2-80B7-9120FB1A3530}"
EndProject
Global
	GlobalSection(SolutionConfigurationPlatforms) = preSolution
		Debug|x64 = Debug|x64
		Debug|x86 = Debug|x86
		Release|x64 = Release|x64
		Release|x86 = Release|x86
	EndGlobalSection
	GlobalSection(ProjectConfigurationPlatforms) = postSolution
		{19DB2297-72DE-4FF2-80B7-9120FB1A3530}.Debug|x64.ActiveCfg = Debug|x64
		{19DB2297-72DE-4FF2-80B7-9120FB1A3530}.Debug|x64.Build.0 = Debug|x64
		{19DB2297-72DE-4FF2-80B7-9120FB1A3530}.Debug|x86.ActiveCfg = Debug|Win32
		{19DB2297-72DE-4FF2-80B7-9120FB1A3530}.Debug|x86.Build.0 = Debug|Win32
		{19DB2297-72DE-4FF2-80B7-9120FB1A3530}.Release|x64.ActiveCfg = Release|x64
		{19DB2297-72DE-4FF2-80B7-9120FB1A3530}.Release|x64.Build.0 = Release|x64
		{19DB2297-72DE-4FF2-80B7-9120FB1A3530}.Release|x86.ActiveCfg = Release|Win32
		{19DB2297-72DE-4FF2-80B7-9120FB1A3530}.Release|x86.Build.0 = Release|Win32
	EndGlobalSection
	GlobalSection(SolutionProperties) = preSolution
		HideSolutionNode = FALSE
	EndGlobalSection
	GlobalSection(ExtensibilityGlobals) = postSolution
		SolutionGuid = {47A3208D-AF1A-4D9E-BB67-1288336A8BF1}
	EndGlobalSection
EndGlobal
